
Microsoft Visual Studio Solution File, Format Version 12.00
# Visual Studio Version 16
VisualStudioVersion = 16.0.30907.101
MinimumVisualStudioVersion = 10.0.40219.1
Project("{FAE04EC0-301F-11D3-BF4B-00C04F79EFBC}") = "CrudSach", "CrudSach\CrudSach.csproj", "{29FEF38D-2905-4D44-88D0-5FFE3309CA7A}"
EndProject
Global
	GlobalSection(SolutionConfigurationPlatforms) = preSolution
		Debug|Any CPU = Debug|Any CPU
		Release|Any CPU = Release|Any CPU
	EndGlobalSection
	GlobalSection(ProjectConfigurationPlatforms) = postSolution
		{29FEF38D-2905-4D44-88D0-5FFE3309CA7A}.Debug|Any CPU.ActiveCfg = Debug|Any CPU
		{29FEF38D-2905-4D44-88D0-5FFE3309CA7A}.Debug|Any CPU.Build.0 = Debug|Any CPU
		{29FEF38D-2905-4D44-88D0-5FFE3309CA7A}.Release|Any CPU.ActiveCfg = Release|Any CPU
		{29FEF38D-2905-4D44-88D0-5FFE3309CA7A}.Release|Any CPU.Build.0 = Release|Any CPU
	EndGlobalSection
	GlobalSection(SolutionProperties) = preSolution
		HideSolutionNode = FALSE
	EndGlobalSection
	GlobalSection(ExtensibilityGlobals) = postSolution
		SolutionGuid = {187C95AE-783E-4146-9078-F1859061FA7D}
	EndGlobalSection
EndGlobal
